# THIS IS AN AUTOGENERATED FILE. DO NOT EDIT THIS FILE DIRECTLY.
# yarn lockfile v1


js-base64@^3.7.8:
  version "3.7.8"
  resolved "https://registry.yarnpkg.com/js-base64/-/js-base64-3.7.8.tgz#af44496bc09fa178ed9c4adf67eb2b46f5c6d2a4"
  integrity sha512-hNngCeKxIUQiEUN3GPJOkz4wF/YvdUdbNL9hsBcMQTkKzboD7T/q3OYOuuPZLUE6dBxSGpwhk5mwuDud7JVAow==
